
Microsoft Visual Studio Solution File, Format Version 12.00
# Visual Studio Version 17
VisualStudioVersion = 17.8.34309.116
MinimumVisualStudioVersion = 10.0.40219.1
Project("{FAE04EC0-301F-11D3-BF4B-00C04F79EFBC}") = "ProyectoU5", "ProyectoU5\ProyectoU5.csproj", "{1CD6E868-84DB-47DD-9358-6A5FDBD8B860}"
EndProject
Project("{FAE04EC0-301F-11D3-BF4B-00C04F79EFBC}") = "Datos", "Datos\Datos.csproj", "{EC7EDE8C-8696-4FA1-871A-E07311B976F1}"
EndProject
Project("{FAE04EC0-301F-11D3-BF4B-00C04F79EFBC}") = "Modelos", "Modelos\Modelos.csproj", "{6DD2477F-5225-48E1-811F-63559745BA60}"
EndProject
Global
	GlobalSection(SolutionConfigurationPlatforms) = preSolution
		Debug|Any CPU = Debug|Any CPU
		Release|Any CPU = Release|Any CPU
	EndGlobalSection
	GlobalSection(ProjectConfigurationPlatforms) = postSolution
		{1CD6E868-84DB-47DD-9358-6A5FDBD8B860}.Debug|Any CPU.ActiveCfg = Debug|Any CPU
		{1CD6E868-84DB-47DD-9358-6A5FDBD8B860}.Debug|Any CPU.Build.0 = Debug|Any CPU
		{1CD6E868-84DB-47DD-9358-6A5FDBD8B860}.Release|Any CPU.ActiveCfg = Release|Any CPU
		{1CD6E868-84DB-47DD-9358-6A5FDBD8B860}.Release|Any CPU.Build.0 = Release|Any CPU
		{EC7EDE8C-8696-4FA1-871A-E07311B976F1}.Debug|Any CPU.ActiveCfg = Debug|Any CPU
		{EC7EDE8C-8696-4FA1-871A-E07311B976F1}.Debug|Any CPU.Build.0 = Debug|Any CPU
		{EC7EDE8C-8696-4FA1-871A-E07311B976F1}.Release|Any CPU.ActiveCfg = Release|Any CPU
		{EC7EDE8C-8696-4FA1-871A-E07311B976F1}.Release|Any CPU.Build.0 = Release|Any CPU
		{6DD2477F-5225-48E1-811F-63559745BA60}.Debug|Any CPU.ActiveCfg = Debug|Any CPU
		{6DD2477F-5225-48E1-811F-63559745BA60}.Debug|Any CPU.Build.0 = Debug|Any CPU
		{6DD2477F-5225-48E1-811F-63559745BA60}.Release|Any CPU.ActiveCfg = Release|Any CPU
		{6DD2477F-5225-48E1-811F-63559745BA60}.Release|Any CPU.Build.0 = Release|Any CPU
	EndGlobalSection
	GlobalSection(SolutionProperties) = preSolution
		HideSolutionNode = FALSE
	EndGlobalSection
	GlobalSection(ExtensibilityGlobals) = postSolution
		SolutionGuid = {99AFCA4D-6F7C-4444-A749-402DADB48EC3}
	EndGlobalSection
EndGlobal
